
Microsoft Visual Studio Solution File, Format Version 12.00
# Visual Studio 15
VisualStudioVersion = 15.0.26124.0
MinimumVisualStudioVersion = 15.0.26124.0
Project("{2150E333-8FDC-42A3-9474-1A3956D46DE8}") = "Specifications", "Specifications", "{C8601E3F-4EC2-4102-AFD5-B233865A7DEC}"
EndProject
Project("{FAE04EC0-301F-11D3-BF4B-00C04F79EFBC}") = "Events", "Specifications\Events\Events.csproj", "{2EFEF29B-0E6E-4B5F-8035-50A63ACF7F81}"
EndProject
Project("{FAE04EC0-301F-11D3-BF4B-00C04F79EFBC}") = "Events.Coordination", "Specifications\Events.Coordination\Events.Coordination.csproj", "{31C5866C-8284-408A-9AD5-1C852B9BF8BF}"
EndProject
Project("{FAE04EC0-301F-11D3-BF4B-00C04F79EFBC}") = "Events.Migration", "Specifications\Events.Migration\Events.Migration.csproj", "{D6746181-AD93-4D9D-9CFE-1D1A3DF777AF}"
EndProject
Project("{FAE04EC0-301F-11D3-BF4B-00C04F79EFBC}") = "Events.Processing", "Specifications\Events.Processing\Events.Processing.csproj", "{4E937800-8797-4227-9807-654357742095}"
EndProject
Project("{FAE04EC0-301F-11D3-BF4B-00C04F79EFBC}") = "Events.Publishing", "Specifications\Events.Publishing\Events.Publishing.csproj", "{40337730-377A-4F87-B0A5-A044BEE20116}"
EndProject
Project("{FAE04EC0-301F-11D3-BF4B-00C04F79EFBC}") = "Events.Publishing.InProcess", "Specifications\Events.Publishing.InProcess\Events.Publishing.InProcess.csproj", "{8770BC4C-BC83-4991-A04E-D88AAB9CD8CA}"
EndProject
Project("{FAE04EC0-301F-11D3-BF4B-00C04F79EFBC}") = "Events.Storage", "Specifications\Events.Storage\Events.Storage.csproj", "{D36E8842-E770-460D-A833-E4A6CCD117D4}"
EndProject
Global
	GlobalSection(SolutionConfigurationPlatforms) = preSolution
		Debug|Any CPU = Debug|Any CPU
		Debug|x64 = Debug|x64
		Debug|x86 = Debug|x86
		Release|Any CPU = Release|Any CPU
		Release|x64 = Release|x64
		Release|x86 = Release|x86
	EndGlobalSection
	GlobalSection(SolutionProperties) = preSolution
		HideSolutionNode = FALSE
	EndGlobalSection
	GlobalSection(ProjectConfigurationPlatforms) = postSolution
		{2EFEF29B-0E6E-4B5F-8035-50A63ACF7F81}.Debug|Any CPU.ActiveCfg = Debug|Any CPU
		{2EFEF29B-0E6E-4B5F-8035-50A63ACF7F81}.Debug|Any CPU.Build.0 = Debug|Any CPU
		{2EFEF29B-0E6E-4B5F-8035-50A63ACF7F81}.Debug|x64.ActiveCfg = Debug|Any CPU
		{2EFEF29B-0E6E-4B5F-8035-50A63ACF7F81}.Debug|x64.Build.0 = Debug|Any CPU
		{2EFEF29B-0E6E-4B5F-8035-50A63ACF7F81}.Debug|x86.ActiveCfg = Debug|Any CPU
		{2EFEF29B-0E6E-4B5F-8035-50A63ACF7F81}.Debug|x86.Build.0 = Debug|Any CPU
		{2EFEF29B-0E6E-4B5F-8035-50A63ACF7F81}.Release|Any CPU.ActiveCfg = Release|Any CPU
		{2EFEF29B-0E6E-4B5F-8035-50A63ACF7F81}.Release|Any CPU.Build.0 = Release|Any CPU
		{2EFEF29B-0E6E-4B5F-8035-50A63ACF7F81}.Release|x64.ActiveCfg = Release|Any CPU
		{2EFEF29B-0E6E-4B5F-8035-50A63ACF7F81}.Release|x64.Build.0 = Release|Any CPU
		{2EFEF29B-0E6E-4B5F-8035-50A63ACF7F81}.Release|x86.ActiveCfg = Release|Any CPU
		{2EFEF29B-0E6E-4B5F-8035-50A63ACF7F81}.Release|x86.Build.0 = Release|Any CPU
		{31C5866C-8284-408A-9AD5-1C852B9BF8BF}.Debug|Any CPU.ActiveCfg = Debug|Any CPU
		{31C5866C-8284-408A-9AD5-1C852B9BF8BF}.Debug|Any CPU.Build.0 = Debug|Any CPU
		{31C5866C-8284-408A-9AD5-1C852B9BF8BF}.Debug|x64.ActiveCfg = Debug|Any CPU
		{31C5866C-8284-408A-9AD5-1C852B9BF8BF}.Debug|x64.Build.0 = Debug|Any CPU
		{31C5866C-8284-408A-9AD5-1C852B9BF8BF}.Debug|x86.ActiveCfg = Debug|Any CPU
		{31C5866C-8284-408A-9AD5-1C852B9BF8BF}.Debug|x86.Build.0 = Debug|Any CPU
		{31C5866C-8284-408A-9AD5-1C852B9BF8BF}.Release|Any CPU.ActiveCfg = Release|Any CPU
		{31C5866C-8284-408A-9AD5-1C852B9BF8BF}.Release|Any CPU.Build.0 = Release|Any CPU
		{31C5866C-8284-408A-9AD5-1C852B9BF8BF}.Release|x64.ActiveCfg = Release|Any CPU
		{31C5866C-8284-408A-9AD5-1C852B9BF8BF}.Release|x64.Build.0 = Release|Any CPU
		{31C5866C-8284-408A-9AD5-1C852B9BF8BF}.Release|x86.ActiveCfg = Release|Any CPU
		{31C5866C-8284-408A-9AD5-1C852B9BF8BF}.Release|x86.Build.0 = Release|Any CPU
		{D6746181-AD93-4D9D-9CFE-1D1A3DF777AF}.Debug|Any CPU.ActiveCfg = Debug|Any CPU
		{D6746181-AD93-4D9D-9CFE-1D1A3DF777AF}.Debug|Any CPU.Build.0 = Debug|Any CPU
		{D6746181-AD93-4D9D-9CFE-1D1A3DF777AF}.Debug|x64.ActiveCfg = Debug|Any CPU
		{D6746181-AD93-4D9D-9CFE-1D1A3DF777AF}.Debug|x64.Build.0 = Debug|Any CPU
		{D6746181-AD93-4D9D-9CFE-1D1A3DF777AF}.Debug|x86.ActiveCfg = Debug|Any CPU
		{D6746181-AD93-4D9D-9CFE-1D1A3DF777AF}.Debug|x86.Build.0 = Debug|Any CPU
		{D6746181-AD93-4D9D-9CFE-1D1A3DF777AF}.Release|Any CPU.ActiveCfg = Release|Any CPU
		{D6746181-AD93-4D9D-9CFE-1D1A3DF777AF}.Release|Any CPU.Build.0 = Release|Any CPU
		{D6746181-AD93-4D9D-9CFE-1D1A3DF777AF}.Release|x64.ActiveCfg = Release|Any CPU
		{D6746181-AD93-4D9D-9CFE-1D1A3DF777AF}.Release|x64.Build.0 = Release|Any CPU
		{D6746181-AD93-4D9D-9CFE-1D1A3DF777AF}.Release|x86.ActiveCfg = Release|Any CPU
		{D6746181-AD93-4D9D-9CFE-1D1A3DF777AF}.Release|x86.Build.0 = Release|Any CPU
		{4E937800-8797-4227-9807-654357742095}.Debug|Any CPU.ActiveCfg = Debug|Any CPU
		{4E937800-8797-4227-9807-654357742095}.Debug|Any CPU.Build.0 = Debug|Any CPU
		{4E937800-8797-4227-9807-654357742095}.Debug|x64.ActiveCfg = Debug|Any CPU
		{4E937800-8797-4227-9807-654357742095}.Debug|x64.Build.0 = Debug|Any CPU
		{4E937800-8797-4227-9807-654357742095}.Debug|x86.ActiveCfg = Debug|Any CPU
		{4E937800-8797-4227-9807-654357742095}.Debug|x86.Build.0 = Debug|Any CPU
		{4E937800-8797-4227-9807-654357742095}.Release|Any CPU.ActiveCfg = Release|Any CPU
		{4E937800-8797-4227-9807-654357742095}.Release|Any CPU.Build.0 = Release|Any CPU
		{4E937800-8797-4227-9807-654357742095}.Release|x64.ActiveCfg = Release|Any CPU
		{4E937800-8797-4227-9807-654357742095}.Release|x64.Build.0 = Release|Any CPU
		{4E937800-8797-4227-9807-654357742095}.Release|x86.ActiveCfg = Release|Any CPU
		{4E937800-8797-4227-9807-654357742095}.Release|x86.Build.0 = Release|Any CPU
		{40337730-377A-4F87-B0A5-A044BEE20116}.Debug|Any CPU.ActiveCfg = Debug|Any CPU
		{40337730-377A-4F87-B0A5-A044BEE20116}.Debug|Any CPU.Build.0 = Debug|Any CPU
		{40337730-377A-4F87-B0A5-A044BEE20116}.Debug|x64.ActiveCfg = Debug|Any CPU
		{40337730-377A-4F87-B0A5-A044BEE20116}.Debug|x64.Build.0 = Debug|Any CPU
		{40337730-377A-4F87-B0A5-A044BEE20116}.Debug|x86.ActiveCfg = Debug|Any CPU
		{40337730-377A-4F87-B0A5-A044BEE20116}.Debug|x86.Build.0 = Debug|Any CPU
		{40337730-377A-4F87-B0A5-A044BEE20116}.Release|Any CPU.ActiveCfg = Release|Any CPU
		{40337730-377A-4F87-B0A5-A044BEE20116}.Release|Any CPU.Build.0 = Release|Any CPU
		{40337730-377A-4F87-B0A5-A044BEE20116}.Release|x64.ActiveCfg = Release|Any CPU
		{40337730-377A-4F87-B0A5-A044BEE20116}.Release|x64.Build.0 = Release|Any CPU
		{40337730-377A-4F87-B0A5-A044BEE20116}.Release|x86.ActiveCfg = Release|Any CPU
		{40337730-377A-4F87-B0A5-A044BEE20116}.Release|x86.Build.0 = Release|Any CPU
		{8770BC4C-BC83-4991-A04E-D88AAB9CD8CA}.Debug|Any CPU.ActiveCfg = Debug|Any CPU
		{8770BC4C-BC83-4991-A04E-D88AAB9CD8CA}.Debug|Any CPU.Build.0 = Debug|Any CPU
		{8770BC4C-BC83-4991-A04E-D88AAB9CD8CA}.Debug|x64.ActiveCfg = Debug|Any CPU
		{8770BC4C-BC83-4991-A04E-D88AAB9CD8CA}.Debug|x64.Build.0 = Debug|Any CPU
		{8770BC4C-BC83-4991-A04E-D88AAB9CD8CA}.Debug|x86.ActiveCfg = Debug|Any CPU
		{8770BC4C-BC83-4991-A04E-D88AAB9CD8CA}.Debug|x86.Build.0 = Debug|Any CPU
		{8770BC4C-BC83-4991-A04E-D88AAB9CD8CA}.Release|Any CPU.ActiveCfg = Release|Any CPU
		{8770BC4C-BC83-4991-A04E-D88AAB9CD8CA}.Release|Any CPU.Build.0 = Release|Any CPU
		{8770BC4C-BC83-4991-A04E-D88AAB9CD8CA}.Release|x64.ActiveCfg = Release|Any CPU
		{8770BC4C-BC83-4991-A04E-D88AAB9CD8CA}.Release|x64.Build.0 = Release|Any CPU
		{8770BC4C-BC83-4991-A04E-D88AAB9CD8CA}.Release|x86.ActiveCfg = Release|Any CPU
		{8770BC4C-BC83-4991-A04E-D88AAB9CD8CA}.Release|x86.Build.0 = Release|Any CPU
		{D36E8842-E770-460D-A833-E4A6CCD117D4}.Debug|Any CPU.ActiveCfg = Debug|Any CPU
		{D36E8842-E770-460D-A833-E4A6CCD117D4}.Debug|Any CPU.Build.0 = Debug|Any CPU
		{D36E8842-E770-460D-A833-E4A6CCD117D4}.Debug|x64.ActiveCfg = Debug|Any CPU
		{D36E8842-E770-460D-A833-E4A6CCD117D4}.Debug|x64.Build.0 = Debug|Any CPU
		{D36E8842-E770-460D-A833-E4A6CCD117D4}.Debug|x86.ActiveCfg = Debug|Any CPU
		{D36E8842-E770-460D-A833-E4A6CCD117D4}.Debug|x86.Build.0 = Debug|Any CPU
		{D36E8842-E770-460D-A833-E4A6CCD117D4}.Release|Any CPU.ActiveCfg = Release|Any CPU
		{D36E8842-E770-460D-A833-E4A6CCD117D4}.Release|Any CPU.Build.0 = Release|Any CPU
		{D36E8842-E770-460D-A833-E4A6CCD117D4}.Release|x64.ActiveCfg = Release|Any CPU
		{D36E8842-E770-460D-A833-E4A6CCD117D4}.Release|x64.Build.0 = Release|Any CPU
		{D36E8842-E770-460D-A833-E4A6CCD117D4}.Release|x86.ActiveCfg = Release|Any CPU
		{D36E8842-E770-460D-A833-E4A6CCD117D4}.Release|x86.Build.0 = Release|Any CPU
	EndGlobalSection
	GlobalSection(NestedProjects) = preSolution
		{2EFEF29B-0E6E-4B5F-8035-50A63ACF7F81} = {C8601E3F-4EC2-4102-AFD5-B233865A7DEC}
		{31C5866C-8284-408A-9AD5-1C852B9BF8BF} = {C8601E3F-4EC2-4102-AFD5-B233865A7DEC}
		{D6746181-AD93-4D9D-9CFE-1D1A3DF777AF} = {C8601E3F-4EC2-4102-AFD5-B233865A7DEC}
		{4E937800-8797-4227-9807-654357742095} = {C8601E3F-4EC2-4102-AFD5-B233865A7DEC}
		{40337730-377A-4F87-B0A5-A044BEE20116} = {C8601E3F-4EC2-4102-AFD5-B233865A7DEC}
		{8770BC4C-BC83-4991-A04E-D88AAB9CD8CA} = {C8601E3F-4EC2-4102-AFD5-B233865A7DEC}
		{D36E8842-E770-460D-A833-E4A6CCD117D4} = {C8601E3F-4EC2-4102-AFD5-B233865A7DEC}
	EndGlobalSection
EndGlobal
